PODS:
  - AALaunchTransition (0.1.3)
  - AFIncrementalStore (0.5.1):
    - AFNetworking (>= 1.0)
    - InflectorKit
    - TransformerKit
  - AFNetworking (1.3.1)
  - AKSegmentedControl (1.0.2)
  - ALRadial (0.1.0)
  - AMAttributedHighlightLabel (0.0.1)
  - CocoaLumberjack (1.6.2)
  - DRKonamiCode (1.0.0)
  - Facebook-iOS-SDK (3.5.3)
  - FontasticIcons (0.4.0)
  - GoogleAnalytics-iOS-SDK (2.0beta4)
  - GPUImage (0.1.0)
  - InflectorKit (0.0.1)
  - JASidePanels (1.3.1)
  - MJPopupViewController (0.4)
  - NewRelicAgent (1.342)
  - OHAttributedLabel (3.4.1)
  - PCStackMenu (1.0.0)
  - SIAlertView (1.2)
  - TestFlightLogger (0.0.2):
    - CocoaLumberjack
    - TestFlightSDK
  - TestFlightSDK (1.3.0-beta.6)
  - TransformerKit (0.2.4)

DEPENDENCIES:
  - AALaunchTransition (~> 0.1.3)
  - AFIncrementalStore
  - AFNetworking (~> 1.3.1)
  - AKSegmentedControl (~> 1.0.2)
  - ALRadial (~> 0.1.0)
  - AMAttributedHighlightLabel (~> 0.0.1)
  - CocoaLumberjack (~> 1.6.2)
  - DRKonamiCode (~> 1.0.0)
  - Facebook-iOS-SDK
  - FontasticIcons
  - GoogleAnalytics-iOS-SDK
  - GPUImage
  - JASidePanels (~> 1.3.1)
  - MJPopupViewController (~> 0.4)
  - NewRelicAgent
  - OHAttributedLabel (~> 3.4.1)
  - PCStackMenu (from `https://github.com/sagmor/StackMenu`)
  - SIAlertView (~> 1.2)
  - TestFlightLogger
  - TestFlightSDK

EXTERNAL SOURCES:
  PCStackMenu:
    :git: https://github.com/sagmor/StackMenu

SPEC CHECKSUMS:
  AALaunchTransition: 9d0e3365c15f2668fe33ad64659232dfff84e136
  AFIncrementalStore: 70c96af226a90291b86c5141a212ab340f2434e2
  AFNetworking: 9ec8aafb9269236a7630bd8d9838ce2ba30fa2a0
  AKSegmentedControl: 200a37463b1d4320d433d55c8008d95549159a25
  ALRadial: 266f46923c2e9de18d6436a70c43b212b081e382
  AMAttributedHighlightLabel: fe668dddfcdabb2dcc32cec46d7371bcf845897c
  CocoaLumberjack: d73e1e317ced14ab930797dda6c17156ff17aaa1
  DRKonamiCode: 593a004b44eb0239c42090d2b5e28c44300c1907
  Facebook-iOS-SDK: c11e851555d8cb8b55853ec2990b01d9e343d09e
  FontasticIcons: 384f36c84789ab8640e89ab51c97b0be59078616
  GoogleAnalytics-iOS-SDK: ae8e58e771b6dec84c0047154cc0e550a15e6f54
  GPUImage: 5b902c1df2afe0ac30a8e3e7379f9c0bb25c7c85
  InflectorKit: 9dccab02f95541093995adac639342c9eb9e6c12
  JASidePanels: bdc86395baee77fef838f5c7f3637300a7ff8c1f
  MJPopupViewController: 4cd0badf3dae541017e0e16e2d2c7578d9224052
  NewRelicAgent: 381824a42f3590e460308992b493ec90595c28f6
  OHAttributedLabel: 770332ef810ca15c9bd4a79f300ce620bc443e9d
  PCStackMenu: fe2c746ee6e2a8e238f56fa7a2f3869d934eef00
  SIAlertView: fd188f66278761f4ff069f517c3deb2be16ecdcc
  TestFlightLogger: 8d5127df30752ce74a1f5b52947f520e05cc0f42
  TestFlightSDK: f3e516c64f61abedeb26a7b184101df54df3db09
  TransformerKit: 3c60759694b70d41b833dfe4005b031762d54e7f

COCOAPODS: 0.22.1
