PODS:
  - AALaunchTransition (0.1.3)
  - AFIncrementalStore (0.5.1):
    - AFNetworking (>= 1.0)
    - InflectorKit
    - TransformerKit
  - AFNetworking (1.3.1)
  - AKSegmentedControl (1.0.2)
  - ALRadial (0.1.0)
  - AMAttributedHighlightLabel (0.0.1)
  - AviarySDK (3.1.1)
  - CHTCollectionViewWaterfallLayout (0.0.1)
  - CocoaLumberjack (1.6.2)
  - DRKonamiCode (1.0.0)
  - Facebook-iOS-SDK (3.5.3)
  - FontasticIcons (0.4.1)
  - FXKeychain (1.3.4)
  - GKImagePicker (0.0.1)
  - GoogleAnalytics-iOS-SDK (2.0beta4)
  - GPUImage (0.1.0)
  - InAppSettingsKit (1.1)
  - InflectorKit (0.0.1)
  - iOS-QR-Code-Encoder (0.0.4.2)
  - JASidePanels (1.3.2)
  - libextobjc/EXTScope (0.2.5):
    - libextobjc/RuntimeExtensions
  - libextobjc/RuntimeExtensions (0.2.5)
  - MHPrettyDate (1.1.0)
  - MJPopupViewController (0.4)
  - NewRelicAgent (1.354)
  - NPRImageView (1.0.0):
    - AFNetworking (~> 1.3.1)
    - libextobjc/EXTScope (~> 0.2.5)
  - OHAttributedLabel (3.4.1)
  - PCStackMenu (1.0.0)
  - SIAlertView (1.2)
  - TestFlightLogger (0.0.2):
    - CocoaLumberjack
    - TestFlightSDK
  - TestFlightSDK (1.3.0-beta.7)
  - TransformerKit (0.2.4)

DEPENDENCIES:
  - AALaunchTransition (~> 0.1.3)
  - AFIncrementalStore
  - AFNetworking (~> 1.3.1)
  - AKSegmentedControl (~> 1.0.2)
  - ALRadial (~> 0.1.0)
  - AMAttributedHighlightLabel (~> 0.0.1)
  - AviarySDK (from `Vendor/AviarySDK.podspec`)
  - CHTCollectionViewWaterfallLayout
  - CocoaLumberjack (~> 1.6.2)
  - DRKonamiCode (~> 1.0.0)
  - Facebook-iOS-SDK
  - FontasticIcons
  - FXKeychain
  - GKImagePicker
  - GoogleAnalytics-iOS-SDK
  - GPUImage
  - InAppSettingsKit
  - iOS-QR-Code-Encoder (from `https://github.com/urbn/iOS-QR-Code-Encoder`)
  - JASidePanels (~> 1.3.1)
  - MHPrettyDate
  - MJPopupViewController (~> 0.4)
  - NewRelicAgent
  - NPRImageView (from `Vendor/NPRImageView.podspec`)
  - OHAttributedLabel (~> 3.4.1)
  - PCStackMenu (from `https://github.com/sagmor/StackMenu`)
  - SIAlertView (~> 1.2)
  - TestFlightLogger (from `git@github.com:sagmor/TestFlightLogger.git`, branch `fix-format-warning`)
  - TestFlightSDK

EXTERNAL SOURCES:
  AviarySDK:
    :podspec: Vendor/AviarySDK.podspec
  iOS-QR-Code-Encoder:
    :git: https://github.com/urbn/iOS-QR-Code-Encoder
  NPRImageView:
    :podspec: Vendor/NPRImageView.podspec
  PCStackMenu:
    :git: https://github.com/sagmor/StackMenu
  TestFlightLogger:
    :branch: fix-format-warning
    :git: git@github.com:sagmor/TestFlightLogger.git

SPEC CHECKSUMS:
  AALaunchTransition: 9d0e3365c15f2668fe33ad64659232dfff84e136
  AFIncrementalStore: 70c96af226a90291b86c5141a212ab340f2434e2
  AFNetworking: 9ec8aafb9269236a7630bd8d9838ce2ba30fa2a0
  AKSegmentedControl: 200a37463b1d4320d433d55c8008d95549159a25
  ALRadial: 266f46923c2e9de18d6436a70c43b212b081e382
  AMAttributedHighlightLabel: fe668dddfcdabb2dcc32cec46d7371bcf845897c
  AviarySDK: b5ce17afb9ebe996587e5848b31b70968bd9b430
  CHTCollectionViewWaterfallLayout: 00a833b42559bb1f982903fa0ddea716dd823e89
  CocoaLumberjack: d73e1e317ced14ab930797dda6c17156ff17aaa1
  DRKonamiCode: 593a004b44eb0239c42090d2b5e28c44300c1907
  Facebook-iOS-SDK: c11e851555d8cb8b55853ec2990b01d9e343d09e
  FontasticIcons: c7bfa9c91d7df424b16d9e817b4ece5f177fc868
  FXKeychain: 25ce8bd340a5fb2202673e54f269f03ef3e3004a
  GKImagePicker: 3272cea5cc36f066fd077093faa8d1f5942544db
  GoogleAnalytics-iOS-SDK: ae8e58e771b6dec84c0047154cc0e550a15e6f54
  GPUImage: 5b902c1df2afe0ac30a8e3e7379f9c0bb25c7c85
  InAppSettingsKit: cf2c4193c3269d6acf996f7975f310d18a5e1e3c
  InflectorKit: 9dccab02f95541093995adac639342c9eb9e6c12
  iOS-QR-Code-Encoder: c803e2a85f8e3d9f6bf164ac436065fac32c0cb6
  JASidePanels: c0e642a7311ec9cc9adfa616fa4a795e4e169f20
  libextobjc: 2cbc74caf8bdc74a86fdf24673f773c83424ea98
  MHPrettyDate: 8194b2a0ba3a8c887a536f1735467f41e16e216c
  MJPopupViewController: 4cd0badf3dae541017e0e16e2d2c7578d9224052
  NewRelicAgent: 560bdf04937cbac2af5fbb1e237ad4d6e14cc03d
  NPRImageView: b1b1f050a85069a45d3b18c4f47556f4cc2d7864
  OHAttributedLabel: 770332ef810ca15c9bd4a79f300ce620bc443e9d
  PCStackMenu: fe2c746ee6e2a8e238f56fa7a2f3869d934eef00
  SIAlertView: fd188f66278761f4ff069f517c3deb2be16ecdcc
  TestFlightLogger: 8d5127df30752ce74a1f5b52947f520e05cc0f42
  TestFlightSDK: 3af0a385405725e36452a35ef63ba8b3f2ef3ffc
  TransformerKit: 3c60759694b70d41b833dfe4005b031762d54e7f

COCOAPODS: 0.22.3
